
Microsoft Visual Studio Solution File, Format Version 12.00
# Visual Studio 16
Project("{FAE04EC0-301F-11D3-BF4B-00C04F79EFBC}") = "Assembly-CSharp", "Assembly-CSharp.csproj", "{BCA5F5CB-65D1-9848-4279-14EE819251EB}"
EndProject
Global
	GlobalSection(SolutionConfigurationPlatforms) = preSolution
		Debug|Any CPU = Debug|Any CPU
		Release|Any CPU = Release|Any CPU
	EndGlobalSection
	GlobalSection(ProjectConfigurationPlatforms) = postSolution
		{BCA5F5CB-65D1-9848-4279-14EE819251EB}.Debug|Any CPU.ActiveCfg = Debug|Any CPU
		{BCA5F5CB-65D1-9848-4279-14EE819251EB}.Debug|Any CPU.Build.0 = Debug|Any CPU
		{BCA5F5CB-65D1-9848-4279-14EE819251EB}.Release|Any CPU.ActiveCfg = Release|Any CPU
		{BCA5F5CB-65D1-9848-4279-14EE819251EB}.Release|Any CPU.Build.0 = Release|Any CPU
	EndGlobalSection
	GlobalSection(SolutionProperties) = preSolution
		HideSolutionNode = FALSE
	EndGlobalSection
EndGlobal
